
Microsoft Visual Studio Solution File, Format Version 12.00
# Visual Studio 2012
Project("{E24C65DC-7377-472B-9ABA-BC803B73C61A}") = "Ex3A", "..\", "{7745679A-10FB-4C05-8B80-39AFC9A83D53}"
	ProjectSection(WebsiteProperties) = preProject
		TargetFrameworkMoniker = ".NETFramework,Version%3Dv4.0"
		Debug.AspNetCompiler.VirtualPath = "/Ex3A"
		Debug.AspNetCompiler.PhysicalPath = "..\..\Ex3A\"
		Debug.AspNetCompiler.TargetPath = "PrecompiledWeb\Ex3A\"
		Debug.AspNetCompiler.Updateable = "true"
		Debug.AspNetCompiler.ForceOverwrite = "true"
		Debug.AspNetCompiler.FixedNames = "false"
		Debug.AspNetCompiler.Debug = "True"
		Release.AspNetCompiler.VirtualPath = "/Ex3A"
		Release.AspNetCompiler.PhysicalPath = "..\..\Ex3A\"
		Release.AspNetCompiler.TargetPath = "PrecompiledWeb\Ex3A\"
		Release.AspNetCompiler.Updateable = "true"
		Release.AspNetCompiler.ForceOverwrite = "true"
		Release.AspNetCompiler.FixedNames = "false"
		Release.AspNetCompiler.Debug = "False"
		VWDPort = "33886"
	EndProjectSection
EndProject
Global
	GlobalSection(SolutionConfigurationPlatforms) = preSolution
		Debug|Any CPU = Debug|Any CPU
	EndGlobalSection
	GlobalSection(ProjectConfigurationPlatforms) = postSolution
		{7745679A-10FB-4C05-8B80-39AFC9A83D53}.Debug|Any CPU.ActiveCfg = Debug|Any CPU
		{7745679A-10FB-4C05-8B80-39AFC9A83D53}.Debug|Any CPU.Build.0 = Debug|Any CPU
	EndGlobalSection
	GlobalSection(SolutionProperties) = preSolution
		HideSolutionNode = FALSE
	EndGlobalSection
EndGlobal
